
Microsoft Visual Studio Solution File, Format Version 12.00
# Visual Studio Version 17
VisualStudioVersion = 17.5.33530.505
MinimumVisualStudioVersion = 10.0.40219.1
Project("{FAE04EC0-301F-11D3-BF4B-00C04F79EFBC}") = "FakeStoreApi", "FakeStoreApi\FakeStoreApi.csproj", "{10B16492-31C4-4635-AB3F-FEC1139CE878}"
EndProject
Global
	GlobalSection(SolutionConfigurationPlatforms) = preSolution
		Debug|Any CPU = Debug|Any CPU
		Release|Any CPU = Release|Any CPU
	EndGlobalSection
	GlobalSection(ProjectConfigurationPlatforms) = postSolution
		{10B16492-31C4-4635-AB3F-FEC1139CE878}.Debug|Any CPU.ActiveCfg = Debug|Any CPU
		{10B16492-31C4-4635-AB3F-FEC1139CE878}.Debug|Any CPU.Build.0 = Debug|Any CPU
		{10B16492-31C4-4635-AB3F-FEC1139CE878}.Release|Any CPU.ActiveCfg = Release|Any CPU
		{10B16492-31C4-4635-AB3F-FEC1139CE878}.Release|Any CPU.Build.0 = Release|Any CPU
	EndGlobalSection
	GlobalSection(SolutionProperties) = preSolution
		HideSolutionNode = FALSE
	EndGlobalSection
	GlobalSection(ExtensibilityGlobals) = postSolution
		SolutionGuid = {01F49125-2587-4768-ADF1-4665A7EC484A}
	EndGlobalSection
EndGlobal
